{
  "originHash" : "769fd6509f2d4048a13c619569a4cb95a91b3474f9d423ff27fda935377675ad",
  "pins" : [
    {
      "identity" : "highlightswift",
      "kind" : "remoteSourceControl",
      "location" : "https://github.com/appstefan/HighlightSwift",
      "state" : {
        "revision" : "784ca3ccfc8a2cf724fbb2f06cb6ec3329424da3",
        "version" : "1.1.0"
      }
    },
    {
      "identity" : "swiftyxmlparser",
      "kind" : "remoteSourceControl",
      "location" : "https://github.com/yahoojapan/SwiftyXMLParser",
      "state" : {
        "revision" : "d7a1d23f04c86c1cd2e8f19247dd15d74e0ea8be",
        "version" : "5.6.0"
      }
    }
  ],
  "version" : 3
}
